// !$*UTF8*$!
{
	archiveVersion = 1;
	classes = {
	};
	objectVersion = 46;
	objects = {

/* Begin PBXBuildFile section */
		4FE025251B65AFBF00ACED5D /* AppDelegate.swift in Sources */ = {isa = PBXBuildFile; fileRef = 4FE025241B65AFBF00ACED5D /* AppDelegate.swift */; };
		4FE025271B65AFBF00ACED5D /* ViewController.swift in Sources */ = {isa = PBXBuildFile; fileRef = 4FE025261B65AFBF00ACED5D /* ViewController.swift */; };
		4FE0252A1B65AFBF00ACED5D /* Main.storyboard in Resources */ = {isa = PBXBuildFile; fileRef = 4FE025281B65AFBF00ACED5D /* Main.storyboard */; };
		4FE0252C1B65AFBF00ACED5D /* Images.xcassets in Resources */ = {isa = PBXBuildFile; fileRef = 4FE0252B1B65AFBF00ACED5D /* Images.xcassets */; };
		4FE0252F1B65AFBF00ACED5D /* LaunchScreen.xib in Resources */ = {isa = PBXBuildFile; fileRef = 4FE0252D1B65AFBF00ACED5D /* LaunchScreen.xib */; };
		4FE0253B1B65AFBF00ACED5D /* _TipTests.swift in Sources */ = {isa = PBXBuildFile; fileRef = 4FE0253A1B65AFBF00ACED5D /* _TipTests.swift */; };
/* End PBXBuildFile section */

/* Begin PBXContainerItemProxy section */
		4FE025351B65AFBF00ACED5D /* PBXContainerItemProxy */ = {
			isa = PBXContainerItemProxy;
			containerPortal = 4FE025171B65AFBF00ACED5D /* Project object */;
			proxyType = 1;
			remoteGlobalIDString = 4FE0251E1B65AFBF00ACED5D;
			remoteInfo = 2Tip;
		};
/* End PBXContainerItemProxy section */

/* Begin PBXFileReference section */
		4FE0251F1B65AFBF00ACED5D /* 2Tip.app */ = {isa = PBXFileReference; explicitFileType = wrapper.application; includeInIndex = 0; path = 2Tip.app; sourceTree = BUILT_PRODUCTS_DIR; };
		4FE025231B65AFBF00ACED5D /* Info.plist */ = {isa = PBXFileReference; lastKnownFileType = text.plist.xml; path = Info.plist; sourceTree = "<group>"; };
		4FE025241B65AFBF00ACED5D /* AppDelegate.swift */ = {isa = PBXFileReference; lastKnownFileType = sourcecode.swift; path = AppDelegate.swift; sourceTree = "<group>"; };
		4FE025261B65AFBF00ACED5D /* ViewController.swift */ = {isa = PBXFileReference; lastKnownFileType = sourcecode.swift; path = ViewController.swift; sourceTree = "<group>"; };
		4FE025291B65AFBF00ACED5D /* Base */ = {isa = PBXFileReference; lastKnownFileType = file.storyboard; name = Base; path = Base.lproj/Main.storyboard; sourceTree = "<group>"; };
		4FE0252B1B65AFBF00ACED5D /* Images.xcassets */ = {isa = PBXFileReference; lastKnownFileType = folder.assetcatalog; path = Images.xcassets; sourceTree = "<group>"; };
		4FE0252E1B65AFBF00ACED5D /* Base */ = {isa = PBXFileReference; lastKnownFileType = file.xib; name = Base; path = Base.lproj/LaunchScreen.xib; sourceTree = "<group>"; };
		4FE025341B65AFBF00ACED5D /* 2TipTests.xctest */ = {isa = PBXFileReference; explicitFileType = wrapper.cfbundle; includeInIndex = 0; path = 2TipTests.xctest; sourceTree = BUILT_PRODUCTS_DIR; };
		4FE025391B65AFBF00ACED5D /* Info.plist */ = {isa = PBXFileReference; lastKnownFileType = text.plist.xml; path = Info.plist; sourceTree = "<group>"; };
		4FE0253A1B65AFBF00ACED5D /* _TipTests.swift */ = {isa = PBXFileReference; lastKnownFileType = sourcecode.swift; path = _TipTests.swift; sourceTree = "<group>"; };
/* End PBXFileReference section */

/* Begin PBXFrameworksBuildPhase section */
		4FE0251C1B65AFBF00ACED5D /* Frameworks */ = {
			isa = PBXFrameworksBuildPhase;
			buildActionMask = 2147483647;
			files = (
			);
			runOnlyForDeploymentPostprocessing = 0;
		};
		4FE025311B65AFBF00ACED5D /* Frameworks */ = {
			isa = PBXFrameworksBuildPhase;
			buildActionMask = 2147483647;
			files = (
			);
			runOnlyForDeploymentPostprocessing = 0;
		};
/* End PBXFrameworksBuildPhase section */

/* Begin PBXGroup section */
		4FE025161B65AFBF00ACED5D = {
			isa = PBXGroup;
			children = (
				4FE025211B65AFBF00ACED5D /* 2Tip */,
				4FE025371B65AFBF00ACED5D /* 2TipTests */,
				4FE025201B65AFBF00ACED5D /* Products */,
			);
			sourceTree = "<group>";
		};
		4FE025201B65AFBF00ACED5D /* Products */ = {
			isa = PBXGroup;
			children = (
				4FE0251F1B65AFBF00ACED5D /* 2Tip.app */,
				4FE025341B65AFBF00ACED5D /* 2TipTests.xctest */,
			);
			name = Products;
			sourceTree = "<group>";
		};
		4FE025211B65AFBF00ACED5D /* 2Tip */ = {
			isa = PBXGroup;
			children = (
				4FE025241B65AFBF00ACED5D /* AppDelegate.swift */,
				4FE025261B65AFBF00ACED5D /* ViewController.swift */,
				4FE025281B65AFBF00ACED5D /* Main.storyboard */,
				4FE0252B1B65AFBF00ACED5D /* Images.xcassets */,
				4FE0252D1B65AFBF00ACED5D /* LaunchScreen.xib */,
				4FE025221B65AFBF00ACED5D /* Supporting Files */,
			);
			path = 2Tip;
			sourceTree = "<group>";
		};
		4FE025221B65AFBF00ACED5D /* Supporting Files */ = {
			isa = PBXGroup;
			children = (
				4FE025231B65AFBF00ACED5D /* Info.plist */,
			);
			name = "Supporting Files";
			sourceTree = "<group>";
		};
		4FE025371B65AFBF00ACED5D /* 2TipTests */ = {
			isa = PBXGroup;
			children = (
				4FE0253A1B65AFBF00ACED5D /* _TipTests.swift */,
				4FE025381B65AFBF00ACED5D /* Supporting Files */,
			);
			path = 2TipTests;
			sourceTree = "<group>";
		};
		4FE025381B65AFBF00ACED5D /* Supporting Files */ = {
			isa = PBXGroup;
			children = (
				4FE025391B65AFBF00ACED5D /* Info.plist */,
			);
			name = "Supporting Files";
			sourceTree = "<group>";
		};
/* End PBXGroup section */

/* Begin PBXNativeTarget section */
		4FE0251E1B65AFBF00ACED5D /* 2Tip */ = {
			isa = PBXNativeTarget;
			buildConfigurationList = 4FE0253E1B65AFBF00ACED5D /* Build configuration list for PBXNativeTarget "2Tip" */;
			buildPhases = (
				4FE0251B1B65AFBF00ACED5D /* Sources */,
				4FE0251C1B65AFBF00ACED5D /* Frameworks */,
				4FE0251D1B65AFBF00ACED5D /* Resources */,
			);
			buildRules = (
			);
			dependencies = (
			);
			name = 2Tip;
			productName = 2Tip;
			productReference = 4FE0251F1B65AFBF00ACED5D /* 2Tip.app */;
			productType = "com.apple.product-type.application";
		};
		4FE025331B65AFBF00ACED5D /* 2TipTests */ = {
			isa = PBXNativeTarget;
			buildConfigurationList = 4FE025411B65AFBF00ACED5D /* Build configuration list for PBXNativeTarget "2TipTests" */;
			buildPhases = (
				4FE025301B65AFBF00ACED5D /* Sources */,
				4FE025311B65AFBF00ACED5D /* Frameworks */,
				4FE025321B65AFBF00ACED5D /* Resources */,
			);
			buildRules = (
			);
			dependencies = (
				4FE025361B65AFBF00ACED5D /* PBXTargetDependency */,
			);
			name = 2TipTests;
			productName = 2TipTests;
			productReference = 4FE025341B65AFBF00ACED5D /* 2TipTests.xctest */;
			productType = "com.apple.product-type.bundle.unit-test";
		};
/* End PBXNativeTarget section */

/* Begin PBXProject section */
		4FE025171B65AFBF00ACED5D /* Project object */ = {
			isa = PBXProject;
			attributes = {
				LastUpgradeCheck = 0640;
				ORGANIZATIONNAME = "Noah Batterson";
				TargetAttributes = {
					4FE0251E1B65AFBF00ACED5D = {
						CreatedOnToolsVersion = 6.4;
					};
					4FE025331B65AFBF00ACED5D = {
						CreatedOnToolsVersion = 6.4;
						TestTargetID = 4FE0251E1B65AFBF00ACED5D;
					};
				};
			};
			buildConfigurationList = 4FE0251A1B65AFBF00ACED5D /* Build configuration list for PBXProject "2Tip" */;
			compatibilityVersion = "Xcode 3.2";
			developmentRegion = English;
			hasScannedForEncodings = 0;
			knownRegions = (
				en,
				Base,
			);
			mainGroup = 4FE025161B65AFBF00ACED5D;
			productRefGroup = 4FE025201B65AFBF00ACED5D /* Products */;
			projectDirPath = "";
			projectRoot = "";
			targets = (
				4FE0251E1B65AFBF00ACED5D /* 2Tip */,
				4FE025331B65AFBF00ACED5D /* 2TipTests */,
			);
		};
/* End PBXProject section */

/* Begin PBXResourcesBuildPhase section */
		4FE0251D1B65AFBF00ACED5D /* Resources */ = {
			isa = PBXResourcesBuildPhase;
			buildActionMask = 2147483647;
			files = (
				4FE0252A1B65AFBF00ACED5D /* Main.storyboard in Resources */,
				4FE0252F1B65AFBF00ACED5D /* LaunchScreen.xib in Resources */,
				4FE0252C1B65AFBF00ACED5D /* Images.xcassets in Resources */,
			);
			runOnlyForDeploymentPostprocessing = 0;
		};
		4FE025321B65AFBF00ACED5D /* Resources */ = {
			isa = PBXResourcesBuildPhase;
			buildActionMask = 2147483647;
			files = (
			);
			runOnlyForDeploymentPostprocessing = 0;
		};
/* End PBXResourcesBuildPhase section */

/* Begin PBXSourcesBuildPhase section */
		4FE0251B1B65AFBF00ACED5D /* Sources */ = {
			isa = PBXSourcesBuildPhase;
			buildActionMask = 2147483647;
			files = (
				4FE025271B65AFBF00ACED5D /* ViewController.swift in Sources */,
				4FE025251B65AFBF00ACED5D /* AppDelegate.swift in Sources */,
			);
			runOnlyForDeploymentPostprocessing = 0;
		};
		4FE025301B65AFBF00ACED5D /* Sources */ = {
			isa = PBXSourcesBuildPhase;
			buildActionMask = 2147483647;
			files = (
				4FE0253B1B65AFBF00ACED5D /* _TipTests.swift in Sources */,
			);
			runOnlyForDeploymentPostprocessing = 0;
		};
/* End PBXSourcesBuildPhase section */

/* Begin PBXTargetDependency section */
		4FE025361B65AFBF00ACED5D /* PBXTargetDependency */ = {
			isa = PBXTargetDependency;
			target = 4FE0251E1B65AFBF00ACED5D /* 2Tip */;
			targetProxy = 4FE025351B65AFBF00ACED5D /* PBXContainerItemProxy */;
		};
/* End PBXTargetDependency section */

/* Begin PBXVariantGroup section */
		4FE025281B65AFBF00ACED5D /* Main.storyboard */ = {
			isa = PBXVariantGroup;
			children = (
				4FE025291B65AFBF00ACED5D /* Base */,
			);
			name = Main.storyboard;
			sourceTree = "<group>";
		};
		4FE0252D1B65AFBF00ACED5D /* LaunchScreen.xib */ = {
			isa = PBXVariantGroup;
			children = (
				4FE0252E1B65AFBF00ACED5D /* Base */,
			);
			name = LaunchScreen.xib;
			sourceTree = "<group>";
		};
/* End PBXVariantGroup section */

/* Begin XCBuildConfiguration section */
		4FE0253C1B65AFBF00ACED5D /* Debug */ = {
			isa = XCBuildConfiguration;
			buildSettings = {
				ALWAYS_SEARCH_USER_PATHS = NO;
				CLANG_CXX_LANGUAGE_STANDARD = "gnu++0x";
				CLANG_CXX_LIBRARY = "libc++";
				CLANG_ENABLE_MODULES = YES;
				CLANG_ENABLE_OBJC_ARC = YES;
				CLANG_WARN_BOOL_CONVERSION = YES;
				CLANG_WARN_CONSTANT_CONVERSION = YES;
				CLANG_WARN_DIRECT_OBJC_ISA_USAGE = YES_ERROR;
				CLANG_WARN_EMPTY_BODY = YES;
				CLANG_WARN_ENUM_CONVERSION = YES;
				CLANG_WARN_INT_CONVERSION = YES;
				CLANG_WARN_OBJC_ROOT_CLASS = YES_ERROR;
				CLANG_WARN_UNREACHABLE_CODE = YES;
				CLANG_WARN__DUPLICATE_METHOD_MATCH = YES;
				"CODE_SIGN_IDENTITY[sdk=iphoneos*]" = "iPhone Developer";
				COPY_PHASE_STRIP = NO;
				DEBUG_INFORMATION_FORMAT = "dwarf-with-dsym";
				ENABLE_STRICT_OBJC_MSGSEND = YES;
				GCC_C_LANGUAGE_STANDARD = gnu99;
				GCC_DYNAMIC_NO_PIC = NO;
				GCC_NO_COMMON_BLOCKS = YES;
				GCC_OPTIMIZATION_LEVEL = 0;
				GCC_PREPROCESSOR_DEFINITIONS = (
					"DEBUG=1",
					"$(inherited)",
				);
				GCC_SYMBOLS_PRIVATE_EXTERN = NO;
				GCC_WARN_64_TO_32_BIT_CONVERSION = YES;
				GCC_WARN_ABOUT_RETURN_TYPE = YES_ERROR;
				GCC_WARN_UNDECLARED_SELECTOR = YES;
				GCC_WARN_UNINITIALIZED_AUTOS = YES_AGGRESSIVE;
				GCC_WARN_UNUSED_FUNCTION = YES;
				GCC_WARN_UNUSED_VARIABLE = YES;
				IPHONEOS_DEPLOYMENT_TARGET = 8.4;
				MTL_ENABLE_DEBUG_INFO = YES;
				ONLY_ACTIVE_ARCH = YES;
				SDKROOT = iphoneos;
				SWIFT_OPTIMIZATION_LEVEL = "-Onone";
			};
			name = Debug;
		};
		4FE0253D1B65AFBF00ACED5D /* Release */ = {
			isa = XCBuildConfiguration;
			buildSettings = {
				ALWAYS_SEARCH_USER_PATHS = NO;
				CLANG_CXX_LANGUAGE_STANDARD = "gnu++0x";
				CLANG_CXX_LIBRARY = "libc++";
				CLANG_ENABLE_MODULES = YES;
				CLANG_ENABLE_OBJC_ARC = YES;
				CLANG_WARN_BOOL_CONVERSION = YES;
				CLANG_WARN_CONSTANT_CONVERSION = YES;
				CLANG_WARN_DIRECT_OBJC_ISA_USAGE = YES_ERROR;
				CLANG_WARN_EMPTY_BODY = YES;
				CLANG_WARN_ENUM_CONVERSION = YES;
				CLANG_WARN_INT_CONVERSION = YES;
				CLANG_WARN_OBJC_ROOT_CLASS = YES_ERROR;
				CLANG_WARN_UNREACHABLE_CODE = YES;
				CLANG_WARN__DUPLICATE_METHOD_MATCH = YES;
				"CODE_SIGN_IDENTITY[sdk=iphoneos*]" = "iPhone Developer";
				COPY_PHASE_STRIP = NO;
				DEBUG_INFORMATION_FORMAT = "dwarf-with-dsym";
				ENABLE_NS_ASSERTIONS = NO;
				ENABLE_STRICT_OBJC_MSGSEND = YES;
				GCC_C_LANGUAGE_STANDARD = gnu99;
				GCC_NO_COMMON_BLOCKS = YES;
				GCC_WARN_64_TO_32_BIT_CONVERSION = YES;
				GCC_WARN_ABOUT_RETURN_TYPE = YES_ERROR;
				GCC_WARN_UNDECLARED_SELECTOR = YES;
				GCC_WARN_UNINITIALIZED_AUTOS = YES_AGGRESSIVE;
				GCC_WARN_UNUSED_FUNCTION = YES;
				GCC_WARN_UNUSED_VARIABLE = YES;
				IPHONEOS_DEPLOYMENT_TARGET = 8.4;
				MTL_ENABLE_DEBUG_INFO = NO;
				SDKROOT = iphoneos;
				VALIDATE_PRODUCT = YES;
			};
			name = Release;
		};
		4FE0253F1B65AFBF00ACED5D /* Debug */ = {
			isa = XCBuildConfiguration;
			buildSettings = {
				ASSETCATALOG_COMPILER_APPICON_NAME = AppIcon;
				INFOPLIST_FILE = 2Tip/Info.plist;
				LD_RUNPATH_SEARCH_PATHS = "$(inherited) @executable_path/Frameworks";
				PRODUCT_NAME = "$(TARGET_NAME)";
			};
			name = Debug;
		};
		4FE025401B65AFBF00ACED5D /* Release */ = {
			isa = XCBuildConfiguration;
			buildSettings = {
				ASSETCATALOG_COMPILER_APPICON_NAME = AppIcon;
				INFOPLIST_FILE = 2Tip/Info.plist;
				LD_RUNPATH_SEARCH_PATHS = "$(inherited) @executable_path/Frameworks";
				PRODUCT_NAME = "$(TARGET_NAME)";
			};
			name = Release;
		};
		4FE025421B65AFBF00ACED5D /* Debug */ = {
			isa = XCBuildConfiguration;
			buildSettings = {
				BUNDLE_LOADER = "$(TEST_HOST)";
				FRAMEWORK_SEARCH_PATHS = (
					"$(SDKROOT)/Developer/Library/Frameworks",
					"$(inherited)",
				);
				GCC_PREPROCESSOR_DEFINITIONS = (
					"DEBUG=1",
					"$(inherited)",
				);
				INFOPLIST_FILE = 2TipTests/Info.plist;
				LD_RUNPATH_SEARCH_PATHS = "$(inherited) @executable_path/Frameworks @loader_path/Frameworks";
				PRODUCT_NAME = "$(TARGET_NAME)";
				TEST_HOST = "$(BUILT_PRODUCTS_DIR)/2Tip.app/2Tip";
			};
			name = Debug;
		};
		4FE025431B65AFBF00ACED5D /* Release */ = {
			isa = XCBuildConfiguration;
			buildSettings = {
				BUNDLE_LOADER = "$(TEST_HOST)";
				FRAMEWORK_SEARCH_PATHS = (
					"$(SDKROOT)/Developer/Library/Frameworks",
					"$(inherited)",
				);
				INFOPLIST_FILE = 2TipTests/Info.plist;
				LD_RUNPATH_SEARCH_PATHS = "$(inherited) @executable_path/Frameworks @loader_path/Frameworks";
				PRODUCT_NAME = "$(TARGET_NAME)";
				TEST_HOST = "$(BUILT_PRODUCTS_DIR)/2Tip.app/2Tip";
			};
			name = Release;
		};
/* End XCBuildConfiguration section */

/* Begin XCConfigurationList section */
		4FE0251A1B65AFBF00ACED5D /* Build configuration list for PBXProject "2Tip" */ = {
			isa = XCConfigurationList;
			buildConfigurations = (
				4FE0253C1B65AFBF00ACED5D /* Debug */,
				4FE0253D1B65AFBF00ACED5D /* Release */,
			);
			defaultConfigurationIsVisible = 0;
			defaultConfigurationName = Release;
		};
		4FE0253E1B65AFBF00ACED5D /* Build configuration list for PBXNativeTarget "2Tip" */ = {
			isa = XCConfigurationList;
			buildConfigurations = (
				4FE0253F1B65AFBF00ACED5D /* Debug */,
				4FE025401B65AFBF00ACED5D /* Release */,
			);
			defaultConfigurationIsVisible = 0;
		};
		4FE025411B65AFBF00ACED5D /* Build configuration list for PBXNativeTarget "2TipTests" */ = {
			isa = XCConfigurationList;
			buildConfigurations = (
				4FE025421B65AFBF00ACED5D /* Debug */,
				4FE025431B65AFBF00ACED5D /* Release */,
			);
			defaultConfigurationIsVisible = 0;
		};
/* End XCConfigurationList section */
	};
	rootObject = 4FE025171B65AFBF00ACED5D /* Project object */;
}
